
Microsoft Visual Studio Solution File, Format Version 12.00
# Visual Studio Version 17
VisualStudioVersion = 17.0.31903.59
MinimumVisualStudioVersion = 10.0.40219.1
Project("{FAE04EC0-301F-11D3-BF4B-00C04F79EFBC}") = "BlogPost.Api", "BlogPost.Api\BlogPost.Api.csproj", "{2E3E753A-641C-49F6-A783-69A7E42CF8A5}"
EndProject
Project("{FAE04EC0-301F-11D3-BF4B-00C04F79EFBC}") = "BlogPost.UnitTests", "BlogPost.UnitTests\BlogPost.UnitTests.csproj", "{DAD144D0-4B19-44C3-8FC5-B8E36CB9C219}"
EndProject
Global
	GlobalSection(SolutionConfigurationPlatforms) = preSolution
		Debug|Any CPU = Debug|Any CPU
		Release|Any CPU = Release|Any CPU
	EndGlobalSection
	GlobalSection(SolutionProperties) = preSolution
		HideSolutionNode = FALSE
	EndGlobalSection
	GlobalSection(ProjectConfigurationPlatforms) = postSolution
		{2E3E753A-641C-49F6-A783-69A7E42CF8A5}.Debug|Any CPU.ActiveCfg = Debug|Any CPU
		{2E3E753A-641C-49F6-A783-69A7E42CF8A5}.Debug|Any CPU.Build.0 = Debug|Any CPU
		{2E3E753A-641C-49F6-A783-69A7E42CF8A5}.Release|Any CPU.ActiveCfg = Release|Any CPU
		{2E3E753A-641C-49F6-A783-69A7E42CF8A5}.Release|Any CPU.Build.0 = Release|Any CPU
		{DAD144D0-4B19-44C3-8FC5-B8E36CB9C219}.Debug|Any CPU.ActiveCfg = Debug|Any CPU
		{DAD144D0-4B19-44C3-8FC5-B8E36CB9C219}.Debug|Any CPU.Build.0 = Debug|Any CPU
		{DAD144D0-4B19-44C3-8FC5-B8E36CB9C219}.Release|Any CPU.ActiveCfg = Release|Any CPU
		{DAD144D0-4B19-44C3-8FC5-B8E36CB9C219}.Release|Any CPU.Build.0 = Release|Any CPU
	EndGlobalSection
EndGlobal
